lockfileVersion: '9.0'

settings:
  autoInstallPeers: true
  excludeLinksFromLockfile: false

importers:

  .:
    dependencies:
      fast-average-color:
        specifier: ^9.5.0
        version: 9.5.0

packages:

  fast-average-color@9.5.0:
    resolution: {integrity: sha512-nC6x2YIlJ9xxgkMFMd1BNoM1ctMjNoRKfRliPmiEWW3S6rLTHiQcy9g3pt/xiKv/D0NAAkhb9VyV+WJFvTqMGg==}
    engines: {node: '>= 12'}

snapshots:

  fast-average-color@9.5.0: {}
